
Microsoft Visual Studio Solution File, Format Version 12.00
# Visual Studio Version 17
Project("{FAE04EC0-301F-11D3-BF4B-00C04F79EFBC}") = "InfiniteRefactor.Infrastructure", "..\src\InfiniteRefactor.Infrastructure\InfiniteRefactor.Infrastructure.csproj", "{A1B2C3D4-E5F6-7890-ABCD-EF1234567890}"
EndProject
Project("{FAE04EC0-301F-11D3-BF4B-00C04F79EFBC}") = "01_BasicHttpHostAndClient", "01_BasicHttpHostAndClient\01_BasicHttpHostAndClient.csproj", "{10000001-0000-0000-0000-000000000001}"
EndProject
Project("{FAE04EC0-301F-11D3-BF4B-00C04F79EFBC}") = "02_AspNetCoreHost", "02_AspNetCoreHost\02_AspNetCoreHost.csproj", "{10000002-0000-0000-0000-000000000002}"
EndProject
Project("{FAE04EC0-301F-11D3-BF4B-00C04F79EFBC}") = "03_ProcessorsAndExceptions", "03_ProcessorsAndExceptions\03_ProcessorsAndExceptions.csproj", "{10000003-0000-0000-0000-000000000003}"
EndProject
Project("{FAE04EC0-301F-11D3-BF4B-00C04F79EFBC}") = "04_Serialization", "04_Serialization\04_Serialization.csproj", "{10000004-0000-0000-0000-000000000004}"
EndProject
Project("{FAE04EC0-301F-11D3-BF4B-00C04F79EFBC}") = "05_BatchQuery", "05_BatchQuery\05_BatchQuery.csproj", "{10000005-0000-0000-0000-000000000005}"
EndProject
Project("{FAE04EC0-301F-11D3-BF4B-00C04F79EFBC}") = "06_MetadataAndSwagger", "06_MetadataAndSwagger\06_MetadataAndSwagger.csproj", "{10000006-0000-0000-0000-000000000006}"
EndProject
Project("{FAE04EC0-301F-11D3-BF4B-00C04F79EFBC}") = "07_ClientPublishedService", "07_ClientPublishedService\07_ClientPublishedService.csproj", "{10000007-0000-0000-0000-000000000007}"
EndProject
Global
	GlobalSection(SolutionConfigurationPlatforms) = preSolution
		Debug|Any CPU = Debug|Any CPU
		Release|Any CPU = Release|Any CPU
	EndGlobalSection
	GlobalSection(ProjectConfigurationPlatforms) = postSolution
		{A1B2C3D4-E5F6-7890-ABCD-EF1234567890}.Debug|Any CPU.ActiveCfg = Debug|Any CPU
		{A1B2C3D4-E5F6-7890-ABCD-EF1234567890}.Debug|Any CPU.Build.0 = Debug|Any CPU
		{A1B2C3D4-E5F6-7890-ABCD-EF1234567890}.Release|Any CPU.ActiveCfg = Release|Any CPU
		{A1B2C3D4-E5F6-7890-ABCD-EF1234567890}.Release|Any CPU.Build.0 = Release|Any CPU
		{10000001-0000-0000-0000-000000000001}.Debug|Any CPU.ActiveCfg = Debug|Any CPU
		{10000001-0000-0000-0000-000000000001}.Debug|Any CPU.Build.0 = Debug|Any CPU
		{10000001-0000-0000-0000-000000000001}.Release|Any CPU.ActiveCfg = Release|Any CPU
		{10000001-0000-0000-0000-000000000001}.Release|Any CPU.Build.0 = Release|Any CPU
		{10000002-0000-0000-0000-000000000002}.Debug|Any CPU.ActiveCfg = Debug|Any CPU
		{10000002-0000-0000-0000-000000000002}.Debug|Any CPU.Build.0 = Debug|Any CPU
		{10000002-0000-0000-0000-000000000002}.Release|Any CPU.ActiveCfg = Release|Any CPU
		{10000002-0000-0000-0000-000000000002}.Release|Any CPU.Build.0 = Release|Any CPU
		{10000003-0000-0000-0000-000000000003}.Debug|Any CPU.ActiveCfg = Debug|Any CPU
		{10000003-0000-0000-0000-000000000003}.Debug|Any CPU.Build.0 = Debug|Any CPU
		{10000003-0000-0000-0000-000000000003}.Release|Any CPU.ActiveCfg = Release|Any CPU
		{10000003-0000-0000-0000-000000000003}.Release|Any CPU.Build.0 = Release|Any CPU
		{10000004-0000-0000-0000-000000000004}.Debug|Any CPU.ActiveCfg = Debug|Any CPU
		{10000004-0000-0000-0000-000000000004}.Debug|Any CPU.Build.0 = Debug|Any CPU
		{10000004-0000-0000-0000-000000000004}.Release|Any CPU.ActiveCfg = Release|Any CPU
		{10000004-0000-0000-0000-000000000004}.Release|Any CPU.Build.0 = Release|Any CPU
		{10000005-0000-0000-0000-000000000005}.Debug|Any CPU.ActiveCfg = Debug|Any CPU
		{10000005-0000-0000-0000-000000000005}.Debug|Any CPU.Build.0 = Debug|Any CPU
		{10000005-0000-0000-0000-000000000005}.Release|Any CPU.ActiveCfg = Release|Any CPU
		{10000005-0000-0000-0000-000000000005}.Release|Any CPU.Build.0 = Release|Any CPU
		{10000006-0000-0000-0000-000000000006}.Debug|Any CPU.ActiveCfg = Debug|Any CPU
		{10000006-0000-0000-0000-000000000006}.Debug|Any CPU.Build.0 = Debug|Any CPU
		{10000006-0000-0000-0000-000000000006}.Release|Any CPU.ActiveCfg = Release|Any CPU
		{10000006-0000-0000-0000-000000000006}.Release|Any CPU.Build.0 = Release|Any CPU
		{10000007-0000-0000-0000-000000000007}.Debug|Any CPU.ActiveCfg = Debug|Any CPU
		{10000007-0000-0000-0000-000000000007}.Debug|Any CPU.Build.0 = Debug|Any CPU
		{10000007-0000-0000-0000-000000000007}.Release|Any CPU.ActiveCfg = Release|Any CPU
		{10000007-0000-0000-0000-000000000007}.Release|Any CPU.Build.0 = Release|Any CPU
	EndGlobalSection
EndGlobal
